
Microsoft Visual Studio Solution File, Format Version 12.00
# Visual Studio 15
VisualStudioVersion = 15.0.26124.0
MinimumVisualStudioVersion = 15.0.26124.0
Project("{2150E333-8FDC-42A3-9474-1A3956D46DE8}") = "src", "src", "{60CC1FB0-C334-4178-AFCC-19F86E22902E}"
EndProject
Project("{FAE04EC0-301F-11D3-BF4B-00C04F79EFBC}") = "Tyrion", "src\Tyrion\Tyrion.csproj", "{6516B809-A1CD-4C33-997E-A61D0F7FD06A}"
EndProject
Global
	GlobalSection(SolutionConfigurationPlatforms) = preSolution
		Debug|Any CPU = Debug|Any CPU
		Debug|x64 = Debug|x64
		Debug|x86 = Debug|x86
		Release|Any CPU = Release|Any CPU
		Release|x64 = Release|x64
		Release|x86 = Release|x86
	EndGlobalSection
	GlobalSection(SolutionProperties) = preSolution
		HideSolutionNode = FALSE
	EndGlobalSection
	GlobalSection(ProjectConfigurationPlatforms) = postSolution
		{6516B809-A1CD-4C33-997E-A61D0F7FD06A}.Debug|Any CPU.ActiveCfg = Debug|Any CPU
		{6516B809-A1CD-4C33-997E-A61D0F7FD06A}.Debug|Any CPU.Build.0 = Debug|Any CPU
		{6516B809-A1CD-4C33-997E-A61D0F7FD06A}.Debug|x64.ActiveCfg = Debug|Any CPU
		{6516B809-A1CD-4C33-997E-A61D0F7FD06A}.Debug|x64.Build.0 = Debug|Any CPU
		{6516B809-A1CD-4C33-997E-A61D0F7FD06A}.Debug|x86.ActiveCfg = Debug|Any CPU
		{6516B809-A1CD-4C33-997E-A61D0F7FD06A}.Debug|x86.Build.0 = Debug|Any CPU
		{6516B809-A1CD-4C33-997E-A61D0F7FD06A}.Release|Any CPU.ActiveCfg = Release|Any CPU
		{6516B809-A1CD-4C33-997E-A61D0F7FD06A}.Release|Any CPU.Build.0 = Release|Any CPU
		{6516B809-A1CD-4C33-997E-A61D0F7FD06A}.Release|x64.ActiveCfg = Release|Any CPU
		{6516B809-A1CD-4C33-997E-A61D0F7FD06A}.Release|x64.Build.0 = Release|Any CPU
		{6516B809-A1CD-4C33-997E-A61D0F7FD06A}.Release|x86.ActiveCfg = Release|Any CPU
		{6516B809-A1CD-4C33-997E-A61D0F7FD06A}.Release|x86.Build.0 = Release|Any CPU
	EndGlobalSection
	GlobalSection(NestedProjects) = preSolution
		{6516B809-A1CD-4C33-997E-A61D0F7FD06A} = {60CC1FB0-C334-4178-AFCC-19F86E22902E}
	EndGlobalSection
EndGlobal
